
Microsoft Visual Studio Solution File, Format Version 12.00
# Visual Studio Version 18
VisualStudioVersion = 18.2.11408.102 d18.0
MinimumVisualStudioVersion = 10.0.40219.1
Project("{FAE04EC0-301F-11D3-BF4B-00C04F79EFBC}") = "saas-platform.backend", "saas-platform.backend.csproj", "{2B7F0794-3CEF-2EA0-4DF7-72CC4EDB16EF}"
EndProject
Global
	GlobalSection(SolutionConfigurationPlatforms) = preSolution
		Debug|Any CPU = Debug|Any CPU
		Release|Any CPU = Release|Any CPU
	EndGlobalSection
	GlobalSection(ProjectConfigurationPlatforms) = postSolution
		{2B7F0794-3CEF-2EA0-4DF7-72CC4EDB16EF}.Debug|Any CPU.ActiveCfg = Debug|Any CPU
		{2B7F0794-3CEF-2EA0-4DF7-72CC4EDB16EF}.Debug|Any CPU.Build.0 = Debug|Any CPU
		{2B7F0794-3CEF-2EA0-4DF7-72CC4EDB16EF}.Release|Any CPU.ActiveCfg = Release|Any CPU
		{2B7F0794-3CEF-2EA0-4DF7-72CC4EDB16EF}.Release|Any CPU.Build.0 = Release|Any CPU
	EndGlobalSection
	GlobalSection(SolutionProperties) = preSolution
		HideSolutionNode = FALSE
	EndGlobalSection
	GlobalSection(ExtensibilityGlobals) = postSolution
		SolutionGuid = {2D1AED37-C7E6-48AA-ACB0-E5FD17828705}
	EndGlobalSection
EndGlobal
